
Microsoft Visual Studio Solution File, Format Version 12.00
# Visual Studio Version 17
VisualStudioVersion = 17.4.33213.308
MinimumVisualStudioVersion = 10.0.40219.1
Project("{FAE04EC0-301F-11D3-BF4B-00C04F79EFBC}") = "ConsoleApp1_Strings", "ConsoleApp1_Strings\ConsoleApp1_Strings.csproj", "{ADB5159A-136A-4640-ABFE-A755A741D4C3}"
EndProject
Project("{FAE04EC0-301F-11D3-BF4B-00C04F79EFBC}") = "ConsoleApp2_Matrix", "ConsoleApp2_Matrix\ConsoleApp2_Matrix.csproj", "{2BFDA494-5211-4E56-94B6-AE02652B9364}"
EndProject
Project("{FAE04EC0-301F-11D3-BF4B-00C04F79EFBC}") = "ConsoleApp3_Server", "ConsoleApp3_Server\ConsoleApp3_Server.csproj", "{71CF1DCB-6B9C-4832-B530-4E2ACB9616DA}"
EndProject
Global
	GlobalSection(SolutionConfigurationPlatforms) = preSolution
		Debug|Any CPU = Debug|Any CPU
		Release|Any CPU = Release|Any CPU
	EndGlobalSection
	GlobalSection(ProjectConfigurationPlatforms) = postSolution
		{ADB5159A-136A-4640-ABFE-A755A741D4C3}.Debug|Any CPU.ActiveCfg = Debug|Any CPU
		{ADB5159A-136A-4640-ABFE-A755A741D4C3}.Debug|Any CPU.Build.0 = Debug|Any CPU
		{ADB5159A-136A-4640-ABFE-A755A741D4C3}.Release|Any CPU.ActiveCfg = Release|Any CPU
		{ADB5159A-136A-4640-ABFE-A755A741D4C3}.Release|Any CPU.Build.0 = Release|Any CPU
		{2BFDA494-5211-4E56-94B6-AE02652B9364}.Debug|Any CPU.ActiveCfg = Debug|Any CPU
		{2BFDA494-5211-4E56-94B6-AE02652B9364}.Debug|Any CPU.Build.0 = Debug|Any CPU
		{2BFDA494-5211-4E56-94B6-AE02652B9364}.Release|Any CPU.ActiveCfg = Release|Any CPU
		{2BFDA494-5211-4E56-94B6-AE02652B9364}.Release|Any CPU.Build.0 = Release|Any CPU
		{71CF1DCB-6B9C-4832-B530-4E2ACB9616DA}.Debug|Any CPU.ActiveCfg = Debug|Any CPU
		{71CF1DCB-6B9C-4832-B530-4E2ACB9616DA}.Debug|Any CPU.Build.0 = Debug|Any CPU
		{71CF1DCB-6B9C-4832-B530-4E2ACB9616DA}.Release|Any CPU.ActiveCfg = Release|Any CPU
		{71CF1DCB-6B9C-4832-B530-4E2ACB9616DA}.Release|Any CPU.Build.0 = Release|Any CPU
	EndGlobalSection
	GlobalSection(SolutionProperties) = preSolution
		HideSolutionNode = FALSE
	EndGlobalSection
	GlobalSection(ExtensibilityGlobals) = postSolution
		SolutionGuid = {EACDB20F-C41C-4701-97B1-00D930C58B9B}
	EndGlobalSection
EndGlobal
